
Microsoft Visual Studio Solution File, Format Version 12.00
# Visual Studio 15
VisualStudioVersion = 15.0.27130.2010
MinimumVisualStudioVersion = 10.0.40219.1
Project("{9A19103F-16F7-4668-BE54-9A1E7A4F7556}") = "Class17Demo", "Class17Demo\Class17Demo.csproj", "{20C3FA3A-4510-42AB-8D2E-9263D9DE8DAA}"
EndProject
Project("{FAE04EC0-301F-11D3-BF4B-00C04F79EFBC}") = "MusicTests", "MusicTests\MusicTests.csproj", "{CE04F845-0E40-41C8-AA1C-2815745985A5}"
EndProject
Global
	GlobalSection(SolutionConfigurationPlatforms) = preSolution
		Debug|Any CPU = Debug|Any CPU
		Release|Any CPU = Release|Any CPU
	EndGlobalSection
	GlobalSection(ProjectConfigurationPlatforms) = postSolution
		{20C3FA3A-4510-42AB-8D2E-9263D9DE8DAA}.Debug|Any CPU.ActiveCfg = Debug|Any CPU
		{20C3FA3A-4510-42AB-8D2E-9263D9DE8DAA}.Debug|Any CPU.Build.0 = Debug|Any CPU
		{20C3FA3A-4510-42AB-8D2E-9263D9DE8DAA}.Release|Any CPU.ActiveCfg = Release|Any CPU
		{20C3FA3A-4510-42AB-8D2E-9263D9DE8DAA}.Release|Any CPU.Build.0 = Release|Any CPU
		{CE04F845-0E40-41C8-AA1C-2815745985A5}.Debug|Any CPU.ActiveCfg = Debug|Any CPU
		{CE04F845-0E40-41C8-AA1C-2815745985A5}.Debug|Any CPU.Build.0 = Debug|Any CPU
		{CE04F845-0E40-41C8-AA1C-2815745985A5}.Release|Any CPU.ActiveCfg = Release|Any CPU
		{CE04F845-0E40-41C8-AA1C-2815745985A5}.Release|Any CPU.Build.0 = Release|Any CPU
	EndGlobalSection
	GlobalSection(SolutionProperties) = preSolution
		HideSolutionNode = FALSE
	EndGlobalSection
	GlobalSection(ExtensibilityGlobals) = postSolution
		SolutionGuid = {98749E2F-46D9-4347-A13F-F3D3AEE3B6DF}
	EndGlobalSection
EndGlobal
