
Microsoft Visual Studio Solution File, Format Version 12.00
# Visual Studio 15
VisualStudioVersion = 15.0.27130.2010
MinimumVisualStudioVersion = 10.0.40219.1
Project("{FAE04EC0-301F-11D3-BF4B-00C04F79EFBC}") = "Class14Demo", "Class14Demo\Class14Demo.csproj", "{3982C398-877C-4CD8-8AE3-FAAB99AA793F}"
EndProject
Global
	GlobalSection(SolutionConfigurationPlatforms) = preSolution
		Debug|Any CPU = Debug|Any CPU
		Release|Any CPU = Release|Any CPU
	EndGlobalSection
	GlobalSection(ProjectConfigurationPlatforms) = postSolution
		{3982C398-877C-4CD8-8AE3-FAAB99AA793F}.Debug|Any CPU.ActiveCfg = Debug|Any CPU
		{3982C398-877C-4CD8-8AE3-FAAB99AA793F}.Debug|Any CPU.Build.0 = Debug|Any CPU
		{3982C398-877C-4CD8-8AE3-FAAB99AA793F}.Release|Any CPU.ActiveCfg = Release|Any CPU
		{3982C398-877C-4CD8-8AE3-FAAB99AA793F}.Release|Any CPU.Build.0 = Release|Any CPU
	EndGlobalSection
	GlobalSection(SolutionProperties) = preSolution
		HideSolutionNode = FALSE
	EndGlobalSection
	GlobalSection(ExtensibilityGlobals) = postSolution
		SolutionGuid = {540EF060-20B3-4BB7-850D-886DF57C08AF}
	EndGlobalSection
EndGlobal
