
Microsoft Visual Studio Solution File, Format Version 12.00
# Visual Studio 15
VisualStudioVersion = 15.0.27130.2010
MinimumVisualStudioVersion = 10.0.40219.1
Project("{FAE04EC0-301F-11D3-BF4B-00C04F79EFBC}") = "Class13Demo", "Class13Demo\Class13Demo.csproj", "{AA0C2D37-CE19-496D-BDCE-7F707540E714}"
EndProject
Global
	GlobalSection(SolutionConfigurationPlatforms) = preSolution
		Debug|Any CPU = Debug|Any CPU
		Release|Any CPU = Release|Any CPU
	EndGlobalSection
	GlobalSection(ProjectConfigurationPlatforms) = postSolution
		{AA0C2D37-CE19-496D-BDCE-7F707540E714}.Debug|Any CPU.ActiveCfg = Debug|Any CPU
		{AA0C2D37-CE19-496D-BDCE-7F707540E714}.Debug|Any CPU.Build.0 = Debug|Any CPU
		{AA0C2D37-CE19-496D-BDCE-7F707540E714}.Release|Any CPU.ActiveCfg = Release|Any CPU
		{AA0C2D37-CE19-496D-BDCE-7F707540E714}.Release|Any CPU.Build.0 = Release|Any CPU
	EndGlobalSection
	GlobalSection(SolutionProperties) = preSolution
		HideSolutionNode = FALSE
	EndGlobalSection
	GlobalSection(ExtensibilityGlobals) = postSolution
		SolutionGuid = {E3BF4C97-C567-4B3B-B154-C09576E2110F}
	EndGlobalSection
EndGlobal
