
Microsoft Visual Studio Solution File, Format Version 12.00
# Visual Studio 15
VisualStudioVersion = 15.0.27130.2010
MinimumVisualStudioVersion = 10.0.40219.1
Project("{FAE04EC0-301F-11D3-BF4B-00C04F79EFBC}") = "Class08Demo", "Class08Demo\Class08Demo.csproj", "{BF847137-BCFC-4754-A995-5F62BC114546}"
EndProject
Global
	GlobalSection(SolutionConfigurationPlatforms) = preSolution
		Debug|Any CPU = Debug|Any CPU
		Release|Any CPU = Release|Any CPU
	EndGlobalSection
	GlobalSection(ProjectConfigurationPlatforms) = postSolution
		{BF847137-BCFC-4754-A995-5F62BC114546}.Debug|Any CPU.ActiveCfg = Debug|Any CPU
		{BF847137-BCFC-4754-A995-5F62BC114546}.Debug|Any CPU.Build.0 = Debug|Any CPU
		{BF847137-BCFC-4754-A995-5F62BC114546}.Release|Any CPU.ActiveCfg = Release|Any CPU
		{BF847137-BCFC-4754-A995-5F62BC114546}.Release|Any CPU.Build.0 = Release|Any CPU
	EndGlobalSection
	GlobalSection(SolutionProperties) = preSolution
		HideSolutionNode = FALSE
	EndGlobalSection
	GlobalSection(ExtensibilityGlobals) = postSolution
		SolutionGuid = {3B34B366-BE8D-4C4F-96F2-5B85821BB6A9}
	EndGlobalSection
EndGlobal
